
Microsoft Visual Studio Solution File, Format Version 12.00
# Visual Studio 15
VisualStudioVersion = 15.0.28307.1145
MinimumVisualStudioVersion = 10.0.40219.1
Project("{8BC9CEB8-8B4A-11D0-8D11-00A0C91BC942}") = "SeaWars3", "SeaWars3\SeaWars3.vcxproj", "{BF96E4D7-D14E-4CB7-B0D0-B64A9F2C7D64}"
EndProject
Global
	GlobalSection(SolutionConfigurationPlatforms) = preSolution
		Debug|x64 = Debug|x64
		Debug|x86 = Debug|x86
		Release|x64 = Release|x64
		Release|x86 = Release|x86
	EndGlobalSection
	GlobalSection(ProjectConfigurationPlatforms) = postSolution
		{BF96E4D7-D14E-4CB7-B0D0-B64A9F2C7D64}.Debug|x64.ActiveCfg = Debug|x64
		{BF96E4D7-D14E-4CB7-B0D0-B64A9F2C7D64}.Debug|x64.Build.0 = Debug|x64
		{BF96E4D7-D14E-4CB7-B0D0-B64A9F2C7D64}.Debug|x86.ActiveCfg = Debug|Win32
		{BF96E4D7-D14E-4CB7-B0D0-B64A9F2C7D64}.Debug|x86.Build.0 = Debug|Win32
		{BF96E4D7-D14E-4CB7-B0D0-B64A9F2C7D64}.Release|x64.ActiveCfg = Release|x64
		{BF96E4D7-D14E-4CB7-B0D0-B64A9F2C7D64}.Release|x64.Build.0 = Release|x64
		{BF96E4D7-D14E-4CB7-B0D0-B64A9F2C7D64}.Release|x86.ActiveCfg = Release|Win32
		{BF96E4D7-D14E-4CB7-B0D0-B64A9F2C7D64}.Release|x86.Build.0 = Release|Win32
	EndGlobalSection
	GlobalSection(SolutionProperties) = preSolution
		HideSolutionNode = FALSE
	EndGlobalSection
	GlobalSection(ExtensibilityGlobals) = postSolution
		SolutionGuid = {0C7A45B8-D5F2-4B42-91F0-185AAE329513}
	EndGlobalSection
EndGlobal
